
Microsoft Visual Studio Solution File, Format Version 12.00
# Visual Studio 15
VisualStudioVersion = 15.0.28307.757
MinimumVisualStudioVersion = 10.0.40219.1
Project("{8BC9CEB8-8B4A-11D0-8D11-00A0C91BC942}") = "assignment02", "assignment02\assignment02.vcxproj", "{11296A8A-A76B-453F-94B8-CFB7AA2F3D4F}"
EndProject
Global
	GlobalSection(SolutionConfigurationPlatforms) = preSolution
		Debug|x64 = Debug|x64
		Debug|x86 = Debug|x86
		Release|x64 = Release|x64
		Release|x86 = Release|x86
	EndGlobalSection
	GlobalSection(ProjectConfigurationPlatforms) = postSolution
		{11296A8A-A76B-453F-94B8-CFB7AA2F3D4F}.Debug|x64.ActiveCfg = Debug|x64
		{11296A8A-A76B-453F-94B8-CFB7AA2F3D4F}.Debug|x64.Build.0 = Debug|x64
		{11296A8A-A76B-453F-94B8-CFB7AA2F3D4F}.Debug|x86.ActiveCfg = Debug|Win32
		{11296A8A-A76B-453F-94B8-CFB7AA2F3D4F}.Debug|x86.Build.0 = Debug|Win32
		{11296A8A-A76B-453F-94B8-CFB7AA2F3D4F}.Release|x64.ActiveCfg = Release|x64
		{11296A8A-A76B-453F-94B8-CFB7AA2F3D4F}.Release|x64.Build.0 = Release|x64
		{11296A8A-A76B-453F-94B8-CFB7AA2F3D4F}.Release|x86.ActiveCfg = Release|Win32
		{11296A8A-A76B-453F-94B8-CFB7AA2F3D4F}.Release|x86.Build.0 = Release|Win32
	EndGlobalSection
	GlobalSection(SolutionProperties) = preSolution
		HideSolutionNode = FALSE
	EndGlobalSection
	GlobalSection(ExtensibilityGlobals) = postSolution
		SolutionGuid = {839152E6-361C-4A87-AE12-4A9DD04F1BB4}
	EndGlobalSection
EndGlobal
